PODS:
  - Flutter (1.0.0)
  - integration_test (0.0.1):
    - Flutter
  - sdk_camera_ios (0.0.1):
    - Flutter

DEPENDENCIES:
  - Flutter (from `Flutter`)
  - integration_test (from `.symlinks/plugins/integration_test/ios`)
  - sdk_camera_ios (from `.symlinks/plugins/sdk_camera_ios/ios`)

EXTERNAL SOURCES:
  Flutter:
    :path: Flutter
  integration_test:
    :path: ".symlinks/plugins/integration_test/ios"
  sdk_camera_ios:
    :path: ".symlinks/plugins/sdk_camera_ios/ios"

SPEC CHECKSUMS:
  Flutter: e0871f40cf51350855a761d2e70bf5af5b9b5de7
  integration_test: 13825b8a9334a850581300559b8839134b124670
  sdk_camera_ios: 6c98c839823ea983f5d5f2d467b7de03608db909

PODFILE CHECKSUM: 7be2f5f74864d463a8ad433546ed1de7e0f29aef

COCOAPODS: 1.14.3
